// !$*UTF8*$!
{
	archiveVersion = 1;
	classes = {
	};
	objectVersion = 46;
	objects = {

/* Begin PBXBuildFile section */
		A805E9D41E3C443D000AE216 /* AppDelegate.swift in Sources */ = {isa = PBXBuildFile; fileRef = A805E9D31E3C443D000AE216 /* AppDelegate.swift */; };
		A805E9D61E3C443D000AE216 /* MainVC.swift in Sources */ = {isa = PBXBuildFile; fileRef = A805E9D51E3C443D000AE216 /* MainVC.swift */; };
		A805E9D91E3C443D000AE216 /* Main.storyboard in Resources */ = {isa = PBXBuildFile; fileRef = A805E9D71E3C443D000AE216 /* Main.storyboard */; };
		A805E9DB1E3C443D000AE216 /* Assets.xcassets in Resources */ = {isa = PBXBuildFile; fileRef = A805E9DA1E3C443D000AE216 /* Assets.xcassets */; };
		A805E9DE1E3C443D000AE216 /* LaunchScreen.storyboard in Resources */ = {isa = PBXBuildFile; fileRef = A805E9DC1E3C443D000AE216 /* LaunchScreen.storyboard */; };
		A8D6764F1E3E7BEE00CE3D66 /* still time.ttf in Resources */ = {isa = PBXBuildFile; fileRef = A8D6764E1E3E7BEE00CE3D66 /* still time.ttf */; };
		A8D676521E3E7D9B00CE3D66 /* VideoVC.swift in Sources */ = {isa = PBXBuildFile; fileRef = A8D676511E3E7D9B00CE3D66 /* VideoVC.swift */; };
		A8D676541E3E800900CE3D66 /* PartyTableViewCell.swift in Sources */ = {isa = PBXBuildFile; fileRef = A8D676531E3E800900CE3D66 /* PartyTableViewCell.swift */; };
		A8D676561E3E81D100CE3D66 /* PartyRock.swift in Sources */ = {isa = PBXBuildFile; fileRef = A8D676551E3E81D100CE3D66 /* PartyRock.swift */; };
/* End PBXBuildFile section */

/* Begin PBXFileReference section */
		A805E9D01E3C443D000AE216 /* partyRock.app */ = {isa = PBXFileReference; explicitFileType = wrapper.application; includeInIndex = 0; path = partyRock.app; sourceTree = BUILT_PRODUCTS_DIR; };
		A805E9D31E3C443D000AE216 /* AppDelegate.swift */ = {isa = PBXFileReference; lastKnownFileType = sourcecode.swift; path = AppDelegate.swift; sourceTree = "<group>"; };
		A805E9D51E3C443D000AE216 /* MainVC.swift */ = {isa = PBXFileReference; lastKnownFileType = sourcecode.swift; path = MainVC.swift; sourceTree = "<group>"; };
		A805E9D81E3C443D000AE216 /* Base */ = {isa = PBXFileReference; lastKnownFileType = file.storyboard; name = Base; path = Base.lproj/Main.storyboard; sourceTree = "<group>"; };
		A805E9DA1E3C443D000AE216 /* Assets.xcassets */ = {isa = PBXFileReference; lastKnownFileType = folder.assetcatalog; path = Assets.xcassets; sourceTree = "<group>"; };
		A805E9DD1E3C443D000AE216 /* Base */ = {isa = PBXFileReference; lastKnownFileType = file.storyboard; name = Base; path = Base.lproj/LaunchScreen.storyboard; sourceTree = "<group>"; };
		A805E9DF1E3C443D000AE216 /* Info.plist */ = {isa = PBXFileReference; lastKnownFileType = text.plist.xml; path = Info.plist; sourceTree = "<group>"; };
		A8D6764E1E3E7BEE00CE3D66 /* still time.ttf */ = {isa = PBXFileReference; lastKnownFileType = file; path = "still time.ttf"; sourceTree = "<group>"; };
		A8D676511E3E7D9B00CE3D66 /* VideoVC.swift */ = {isa = PBXFileReference; fileEncoding = 4; lastKnownFileType = sourcecode.swift; path = VideoVC.swift; sourceTree = "<group>"; };
		A8D676531E3E800900CE3D66 /* PartyTableViewCell.swift */ = {isa = PBXFileReference; fileEncoding = 4; lastKnownFileType = sourcecode.swift; path = PartyTableViewCell.swift; sourceTree = "<group>"; };
		A8D676551E3E81D100CE3D66 /* PartyRock.swift */ = {isa = PBXFileReference; fileEncoding = 4; lastKnownFileType = sourcecode.swift; path = PartyRock.swift; sourceTree = "<group>"; };
/* End PBXFileReference section */

/* Begin PBXFrameworksBuildPhase section */
		A805E9CD1E3C443C000AE216 /* Frameworks */ = {
			isa = PBXFrameworksBuildPhase;
			buildActionMask = 2147483647;
			files = (
			);
			runOnlyForDeploymentPostprocessing = 0;
		};
/* End PBXFrameworksBuildPhase section */

/* Begin PBXGroup section */
		A805E9C71E3C443C000AE216 = {
			isa = PBXGroup;
			children = (
				A805E9D21E3C443D000AE216 /* partyRock */,
				A805E9D11E3C443D000AE216 /* Products */,
			);
			sourceTree = "<group>";
		};
		A805E9D11E3C443D000AE216 /* Products */ = {
			isa = PBXGroup;
			children = (
				A805E9D01E3C443D000AE216 /* partyRock.app */,
			);
			name = Products;
			sourceTree = "<group>";
		};
		A805E9D21E3C443D000AE216 /* partyRock */ = {
			isa = PBXGroup;
			children = (
				A8D676501E3E7C0F00CE3D66 /* files */,
				A805E9E71E3C44CD000AE216 /* View */,
				A805E9E61E3C44C3000AE216 /* Model */,
				A805E9E51E3C44B7000AE216 /* Controller */,
				A805E9D31E3C443D000AE216 /* AppDelegate.swift */,
				A805E9D71E3C443D000AE216 /* Main.storyboard */,
				A805E9DA1E3C443D000AE216 /* Assets.xcassets */,
				A805E9DC1E3C443D000AE216 /* LaunchScreen.storyboard */,
				A805E9DF1E3C443D000AE216 /* Info.plist */,
			);
			path = partyRock;
			sourceTree = "<group>";
		};
		A805E9E51E3C44B7000AE216 /* Controller */ = {
			isa = PBXGroup;
			children = (
				A8D676511E3E7D9B00CE3D66 /* VideoVC.swift */,
				A805E9D51E3C443D000AE216 /* MainVC.swift */,
			);
			name = Controller;
			sourceTree = "<group>";
		};
		A805E9E61E3C44C3000AE216 /* Model */ = {
			isa = PBXGroup;
			children = (
				A8D676531E3E800900CE3D66 /* PartyTableViewCell.swift */,
				A8D676551E3E81D100CE3D66 /* PartyRock.swift */,
			);
			name = Model;
			sourceTree = "<group>";
		};
		A805E9E71E3C44CD000AE216 /* View */ = {
			isa = PBXGroup;
			children = (
			);
			name = View;
			sourceTree = "<group>";
		};
		A8D676501E3E7C0F00CE3D66 /* files */ = {
			isa = PBXGroup;
			children = (
				A8D6764E1E3E7BEE00CE3D66 /* still time.ttf */,
			);
			name = files;
			sourceTree = "<group>";
		};
/* End PBXGroup section */

/* Begin PBXNativeTarget section */
		A805E9CF1E3C443C000AE216 /* partyRock */ = {
			isa = PBXNativeTarget;
			buildConfigurationList = A805E9E21E3C443D000AE216 /* Build configuration list for PBXNativeTarget "partyRock" */;
			buildPhases = (
				A805E9CC1E3C443C000AE216 /* Sources */,
				A805E9CD1E3C443C000AE216 /* Frameworks */,
				A805E9CE1E3C443C000AE216 /* Resources */,
			);
			buildRules = (
			);
			dependencies = (
			);
			name = partyRock;
			productName = partyRock;
			productReference = A805E9D01E3C443D000AE216 /* partyRock.app */;
			productType = "com.apple.product-type.application";
		};
/* End PBXNativeTarget section */

/* Begin PBXProject section */
		A805E9C81E3C443C000AE216 /* Project object */ = {
			isa = PBXProject;
			attributes = {
				LastSwiftUpdateCheck = 0800;
				LastUpgradeCheck = 0800;
				ORGANIZATIONNAME = "Mehedee Hassan";
				TargetAttributes = {
					A805E9CF1E3C443C000AE216 = {
						CreatedOnToolsVersion = 8.0;
						ProvisioningStyle = Automatic;
					};
				};
			};
			buildConfigurationList = A805E9CB1E3C443C000AE216 /* Build configuration list for PBXProject "partyRock" */;
			compatibilityVersion = "Xcode 3.2";
			developmentRegion = English;
			hasScannedForEncodings = 0;
			knownRegions = (
				en,
				Base,
			);
			mainGroup = A805E9C71E3C443C000AE216;
			productRefGroup = A805E9D11E3C443D000AE216 /* Products */;
			projectDirPath = "";
			projectRoot = "";
			targets = (
				A805E9CF1E3C443C000AE216 /* partyRock */,
			);
		};
/* End PBXProject section */

/* Begin PBXResourcesBuildPhase section */
		A805E9CE1E3C443C000AE216 /* Resources */ = {
			isa = PBXResourcesBuildPhase;
			buildActionMask = 2147483647;
			files = (
				A805E9DE1E3C443D000AE216 /* LaunchScreen.storyboard in Resources */,
				A8D6764F1E3E7BEE00CE3D66 /* still time.ttf in Resources */,
				A805E9DB1E3C443D000AE216 /* Assets.xcassets in Resources */,
				A805E9D91E3C443D000AE216 /* Main.storyboard in Resources */,
			);
			runOnlyForDeploymentPostprocessing = 0;
		};
/* End PBXResourcesBuildPhase section */

/* Begin PBXSourcesBuildPhase section */
		A805E9CC1E3C443C000AE216 /* Sources */ = {
			isa = PBXSourcesBuildPhase;
			buildActionMask = 2147483647;
			files = (
				A8D676521E3E7D9B00CE3D66 /* VideoVC.swift in Sources */,
				A805E9D61E3C443D000AE216 /* MainVC.swift in Sources */,
				A8D676561E3E81D100CE3D66 /* PartyRock.swift in Sources */,
				A8D676541E3E800900CE3D66 /* PartyTableViewCell.swift in Sources */,
				A805E9D41E3C443D000AE216 /* AppDelegate.swift in Sources */,
			);
			runOnlyForDeploymentPostprocessing = 0;
		};
/* End PBXSourcesBuildPhase section */

/* Begin PBXVariantGroup section */
		A805E9D71E3C443D000AE216 /* Main.storyboard */ = {
			isa = PBXVariantGroup;
			children = (
				A805E9D81E3C443D000AE216 /* Base */,
			);
			name = Main.storyboard;
			sourceTree = "<group>";
		};
		A805E9DC1E3C443D000AE216 /* LaunchScreen.storyboard */ = {
			isa = PBXVariantGroup;
			children = (
				A805E9DD1E3C443D000AE216 /* Base */,
			);
			name = LaunchScreen.storyboard;
			sourceTree = "<group>";
		};
/* End PBXVariantGroup section */

/* Begin XCBuildConfiguration section */
		A805E9E01E3C443D000AE216 /* Debug */ = {
			isa = XCBuildConfiguration;
			buildSettings = {
				ALWAYS_SEARCH_USER_PATHS = NO;
				CLANG_ANALYZER_NONNULL = YES;
				CLANG_CXX_LANGUAGE_STANDARD = "gnu++0x";
				CLANG_CXX_LIBRARY = "libc++";
				CLANG_ENABLE_MODULES = YES;
				CLANG_ENABLE_OBJC_ARC = YES;
				CLANG_WARN_BOOL_CONVERSION = YES;
				CLANG_WARN_CONSTANT_CONVERSION = YES;
				CLANG_WARN_DIRECT_OBJC_ISA_USAGE = YES_ERROR;
				CLANG_WARN_DOCUMENTATION_COMMENTS = YES;
				CLANG_WARN_EMPTY_BODY = YES;
				CLANG_WARN_ENUM_CONVERSION = YES;
				CLANG_WARN_INFINITE_RECURSION = YES;
				CLANG_WARN_INT_CONVERSION = YES;
				CLANG_WARN_OBJC_ROOT_CLASS = YES_ERROR;
				CLANG_WARN_SUSPICIOUS_MOVES = YES;
				CLANG_WARN_UNREACHABLE_CODE = YES;
				CLANG_WARN__DUPLICATE_METHOD_MATCH = YES;
				"CODE_SIGN_IDENTITY[sdk=iphoneos*]" = "iPhone Developer";
				COPY_PHASE_STRIP = NO;
				DEBUG_INFORMATION_FORMAT = dwarf;
				ENABLE_STRICT_OBJC_MSGSEND = YES;
				ENABLE_TESTABILITY = YES;
				GCC_C_LANGUAGE_STANDARD = gnu99;
				GCC_DYNAMIC_NO_PIC = NO;
				GCC_NO_COMMON_BLOCKS = YES;
				GCC_OPTIMIZATION_LEVEL = 0;
				GCC_PREPROCESSOR_DEFINITIONS = (
					"DEBUG=1",
					"$(inherited)",
				);
				GCC_WARN_64_TO_32_BIT_CONVERSION = YES;
				GCC_WARN_ABOUT_RETURN_TYPE = YES_ERROR;
				GCC_WARN_UNDECLARED_SELECTOR = YES;
				GCC_WARN_UNINITIALIZED_AUTOS = YES_AGGRESSIVE;
				GCC_WARN_UNUSED_FUNCTION = YES;
				GCC_WARN_UNUSED_VARIABLE = YES;
				IPHONEOS_DEPLOYMENT_TARGET = 10.0;
				MTL_ENABLE_DEBUG_INFO = YES;
				ONLY_ACTIVE_ARCH = YES;
				SDKROOT = iphoneos;
				SWIFT_ACTIVE_COMPILATION_CONDITIONS = DEBUG;
				SWIFT_OPTIMIZATION_LEVEL = "-Onone";
			};
			name = Debug;
		};
		A805E9E11E3C443D000AE216 /* Release */ = {
			isa = XCBuildConfiguration;
			buildSettings = {
				ALWAYS_SEARCH_USER_PATHS = NO;
				CLANG_ANALYZER_NONNULL = YES;
				CLANG_CXX_LANGUAGE_STANDARD = "gnu++0x";
				CLANG_CXX_LIBRARY = "libc++";
				CLANG_ENABLE_MODULES = YES;
				CLANG_ENABLE_OBJC_ARC = YES;
				CLANG_WARN_BOOL_CONVERSION = YES;
				CLANG_WARN_CONSTANT_CONVERSION = YES;
				CLANG_WARN_DIRECT_OBJC_ISA_USAGE = YES_ERROR;
				CLANG_WARN_DOCUMENTATION_COMMENTS = YES;
				CLANG_WARN_EMPTY_BODY = YES;
				CLANG_WARN_ENUM_CONVERSION = YES;
				CLANG_WARN_INFINITE_RECURSION = YES;
				CLANG_WARN_INT_CONVERSION = YES;
				CLANG_WARN_OBJC_ROOT_CLASS = YES_ERROR;
				CLANG_WARN_SUSPICIOUS_MOVES = YES;
				CLANG_WARN_UNREACHABLE_CODE = YES;
				CLANG_WARN__DUPLICATE_METHOD_MATCH = YES;
				"CODE_SIGN_IDENTITY[sdk=iphoneos*]" = "iPhone Developer";
				COPY_PHASE_STRIP = NO;
				DEBUG_INFORMATION_FORMAT = "dwarf-with-dsym";
				ENABLE_NS_ASSERTIONS = NO;
				ENABLE_STRICT_OBJC_MSGSEND = YES;
				GCC_C_LANGUAGE_STANDARD = gnu99;
				GCC_NO_COMMON_BLOCKS = YES;
				GCC_WARN_64_TO_32_BIT_CONVERSION = YES;
				GCC_WARN_ABOUT_RETURN_TYPE = YES_ERROR;
				GCC_WARN_UNDECLARED_SELECTOR = YES;
				GCC_WARN_UNINITIALIZED_AUTOS = YES_AGGRESSIVE;
				GCC_WARN_UNUSED_FUNCTION = YES;
				GCC_WARN_UNUSED_VARIABLE = YES;
				IPHONEOS_DEPLOYMENT_TARGET = 10.0;
				MTL_ENABLE_DEBUG_INFO = NO;
				SDKROOT = iphoneos;
				SWIFT_OPTIMIZATION_LEVEL = "-Owholemodule";
				VALIDATE_PRODUCT = YES;
			};
			name = Release;
		};
		A805E9E31E3C443D000AE216 /* Debug */ = {
			isa = XCBuildConfiguration;
			buildSettings = {
				ASSETCATALOG_COMPILER_APPICON_NAME = AppIcon;
				INFOPLIST_FILE = partyRock/Info.plist;
				LD_RUNPATH_SEARCH_PATHS = "$(inherited) @executable_path/Frameworks";
				PRODUCT_BUNDLE_IDENTIFIER = com.liquid.dark.partyRock;
				PRODUCT_NAME = "$(TARGET_NAME)";
				SWIFT_VERSION = 3.0;
			};
			name = Debug;
		};
		A805E9E41E3C443D000AE216 /* Release */ = {
			isa = XCBuildConfiguration;
			buildSettings = {
				ASSETCATALOG_COMPILER_APPICON_NAME = AppIcon;
				INFOPLIST_FILE = partyRock/Info.plist;
				LD_RUNPATH_SEARCH_PATHS = "$(inherited) @executable_path/Frameworks";
				PRODUCT_BUNDLE_IDENTIFIER = com.liquid.dark.partyRock;
				PRODUCT_NAME = "$(TARGET_NAME)";
				SWIFT_VERSION = 3.0;
			};
			name = Release;
		};
/* End XCBuildConfiguration section */

/* Begin XCConfigurationList section */
		A805E9CB1E3C443C000AE216 /* Build configuration list for PBXProject "partyRock" */ = {
			isa = XCConfigurationList;
			buildConfigurations = (
				A805E9E01E3C443D000AE216 /* Debug */,
				A805E9E11E3C443D000AE216 /* Release */,
			);
			defaultConfigurationIsVisible = 0;
			defaultConfigurationName = Release;
		};
		A805E9E21E3C443D000AE216 /* Build configuration list for PBXNativeTarget "partyRock" */ = {
			isa = XCConfigurationList;
			buildConfigurations = (
				A805E9E31E3C443D000AE216 /* Debug */,
				A805E9E41E3C443D000AE216 /* Release */,
			);
			defaultConfigurationIsVisible = 0;
			defaultConfigurationName = Release;
		};
/* End XCConfigurationList section */
	};
	rootObject = A805E9C81E3C443C000AE216 /* Project object */;
}
