// !$*UTF8*$!
{
	archiveVersion = 1;
	classes = {
	};
	objectVersion = 46;
	objects = {

/* Begin PBXBuildFile section */
		A820FDC71E3F4F400095D495 /* AppDelegate.swift in Sources */ = {isa = PBXBuildFile; fileRef = A820FDC61E3F4F400095D495 /* AppDelegate.swift */; };
		A820FDC91E3F4F400095D495 /* ViewController.swift in Sources */ = {isa = PBXBuildFile; fileRef = A820FDC81E3F4F400095D495 /* ViewController.swift */; };
		A820FDCC1E3F4F400095D495 /* Main.storyboard in Resources */ = {isa = PBXBuildFile; fileRef = A820FDCA1E3F4F400095D495 /* Main.storyboard */; };
		A820FDCF1E3F4F400095D495 /* DreamLister.xcdatamodeld in Sources */ = {isa = PBXBuildFile; fileRef = A820FDCD1E3F4F400095D495 /* DreamLister.xcdatamodeld */; };
		A820FDD11E3F4F400095D495 /* Assets.xcassets in Resources */ = {isa = PBXBuildFile; fileRef = A820FDD01E3F4F400095D495 /* Assets.xcassets */; };
		A820FDD41E3F4F400095D495 /* LaunchScreen.storyboard in Resources */ = {isa = PBXBuildFile; fileRef = A820FDD21E3F4F400095D495 /* LaunchScreen.storyboard */; };
/* End PBXBuildFile section */

/* Begin PBXFileReference section */
		A820FDC31E3F4F400095D495 /* DreamLister.app */ = {isa = PBXFileReference; explicitFileType = wrapper.application; includeInIndex = 0; path = DreamLister.app; sourceTree = BUILT_PRODUCTS_DIR; };
		A820FDC61E3F4F400095D495 /* AppDelegate.swift */ = {isa = PBXFileReference; lastKnownFileType = sourcecode.swift; path = AppDelegate.swift; sourceTree = "<group>"; };
		A820FDC81E3F4F400095D495 /* ViewController.swift */ = {isa = PBXFileReference; lastKnownFileType = sourcecode.swift; path = ViewController.swift; sourceTree = "<group>"; };
		A820FDCB1E3F4F400095D495 /* Base */ = {isa = PBXFileReference; lastKnownFileType = file.storyboard; name = Base; path = Base.lproj/Main.storyboard; sourceTree = "<group>"; };
		A820FDCE1E3F4F400095D495 /* DreamLister.xcdatamodel */ = {isa = PBXFileReference; lastKnownFileType = wrapper.xcdatamodel; path = DreamLister.xcdatamodel; sourceTree = "<group>"; };
		A820FDD01E3F4F400095D495 /* Assets.xcassets */ = {isa = PBXFileReference; lastKnownFileType = folder.assetcatalog; path = Assets.xcassets; sourceTree = "<group>"; };
		A820FDD31E3F4F400095D495 /* Base */ = {isa = PBXFileReference; lastKnownFileType = file.storyboard; name = Base; path = Base.lproj/LaunchScreen.storyboard; sourceTree = "<group>"; };
		A820FDD51E3F4F400095D495 /* Info.plist */ = {isa = PBXFileReference; lastKnownFileType = text.plist.xml; path = Info.plist; sourceTree = "<group>"; };
/* End PBXFileReference section */

/* Begin PBXFrameworksBuildPhase section */
		A820FDC01E3F4F400095D495 /* Frameworks */ = {
			isa = PBXFrameworksBuildPhase;
			buildActionMask = 2147483647;
			files = (
			);
			runOnlyForDeploymentPostprocessing = 0;
		};
/* End PBXFrameworksBuildPhase section */

/* Begin PBXGroup section */
		A820FDBA1E3F4F400095D495 = {
			isa = PBXGroup;
			children = (
				A820FDC51E3F4F400095D495 /* DreamLister */,
				A820FDC41E3F4F400095D495 /* Products */,
			);
			sourceTree = "<group>";
		};
		A820FDC41E3F4F400095D495 /* Products */ = {
			isa = PBXGroup;
			children = (
				A820FDC31E3F4F400095D495 /* DreamLister.app */,
			);
			name = Products;
			sourceTree = "<group>";
		};
		A820FDC51E3F4F400095D495 /* DreamLister */ = {
			isa = PBXGroup;
			children = (
				A820FDC61E3F4F400095D495 /* AppDelegate.swift */,
				A820FDC81E3F4F400095D495 /* ViewController.swift */,
				A820FDCA1E3F4F400095D495 /* Main.storyboard */,
				A820FDD01E3F4F400095D495 /* Assets.xcassets */,
				A820FDD21E3F4F400095D495 /* LaunchScreen.storyboard */,
				A820FDD51E3F4F400095D495 /* Info.plist */,
				A820FDCD1E3F4F400095D495 /* DreamLister.xcdatamodeld */,
			);
			path = DreamLister;
			sourceTree = "<group>";
		};
/* End PBXGroup section */

/* Begin PBXNativeTarget section */
		A820FDC21E3F4F400095D495 /* DreamLister */ = {
			isa = PBXNativeTarget;
			buildConfigurationList = A820FDD81E3F4F400095D495 /* Build configuration list for PBXNativeTarget "DreamLister" */;
			buildPhases = (
				A820FDBF1E3F4F400095D495 /* Sources */,
				A820FDC01E3F4F400095D495 /* Frameworks */,
				A820FDC11E3F4F400095D495 /* Resources */,
			);
			buildRules = (
			);
			dependencies = (
			);
			name = DreamLister;
			productName = DreamLister;
			productReference = A820FDC31E3F4F400095D495 /* DreamLister.app */;
			productType = "com.apple.product-type.application";
		};
/* End PBXNativeTarget section */

/* Begin PBXProject section */
		A820FDBB1E3F4F400095D495 /* Project object */ = {
			isa = PBXProject;
			attributes = {
				LastSwiftUpdateCheck = 0800;
				LastUpgradeCheck = 0800;
				ORGANIZATIONNAME = "Mehedee Hassan";
				TargetAttributes = {
					A820FDC21E3F4F400095D495 = {
						CreatedOnToolsVersion = 8.0;
						ProvisioningStyle = Automatic;
					};
				};
			};
			buildConfigurationList = A820FDBE1E3F4F400095D495 /* Build configuration list for PBXProject "DreamLister" */;
			compatibilityVersion = "Xcode 3.2";
			developmentRegion = English;
			hasScannedForEncodings = 0;
			knownRegions = (
				en,
				Base,
			);
			mainGroup = A820FDBA1E3F4F400095D495;
			productRefGroup = A820FDC41E3F4F400095D495 /* Products */;
			projectDirPath = "";
			projectRoot = "";
			targets = (
				A820FDC21E3F4F400095D495 /* DreamLister */,
			);
		};
/* End PBXProject section */

/* Begin PBXResourcesBuildPhase section */
		A820FDC11E3F4F400095D495 /* Resources */ = {
			isa = PBXResourcesBuildPhase;
			buildActionMask = 2147483647;
			files = (
				A820FDD41E3F4F400095D495 /* LaunchScreen.storyboard in Resources */,
				A820FDD11E3F4F400095D495 /* Assets.xcassets in Resources */,
				A820FDCC1E3F4F400095D495 /* Main.storyboard in Resources */,
			);
			runOnlyForDeploymentPostprocessing = 0;
		};
/* End PBXResourcesBuildPhase section */

/* Begin PBXSourcesBuildPhase section */
		A820FDBF1E3F4F400095D495 /* Sources */ = {
			isa = PBXSourcesBuildPhase;
			buildActionMask = 2147483647;
			files = (
				A820FDC91E3F4F400095D495 /* ViewController.swift in Sources */,
				A820FDC71E3F4F400095D495 /* AppDelegate.swift in Sources */,
				A820FDCF1E3F4F400095D495 /* DreamLister.xcdatamodeld in Sources */,
			);
			runOnlyForDeploymentPostprocessing = 0;
		};
/* End PBXSourcesBuildPhase section */

/* Begin PBXVariantGroup section */
		A820FDCA1E3F4F400095D495 /* Main.storyboard */ = {
			isa = PBXVariantGroup;
			children = (
				A820FDCB1E3F4F400095D495 /* Base */,
			);
			name = Main.storyboard;
			sourceTree = "<group>";
		};
		A820FDD21E3F4F400095D495 /* LaunchScreen.storyboard */ = {
			isa = PBXVariantGroup;
			children = (
				A820FDD31E3F4F400095D495 /* Base */,
			);
			name = LaunchScreen.storyboard;
			sourceTree = "<group>";
		};
/* End PBXVariantGroup section */

/* Begin XCBuildConfiguration section */
		A820FDD61E3F4F400095D495 /* Debug */ = {
			isa = XCBuildConfiguration;
			buildSettings = {
				ALWAYS_SEARCH_USER_PATHS = NO;
				CLANG_ANALYZER_NONNULL = YES;
				CLANG_CXX_LANGUAGE_STANDARD = "gnu++0x";
				CLANG_CXX_LIBRARY = "libc++";
				CLANG_ENABLE_MODULES = YES;
				CLANG_ENABLE_OBJC_ARC = YES;
				CLANG_WARN_BOOL_CONVERSION = YES;
				CLANG_WARN_CONSTANT_CONVERSION = YES;
				CLANG_WARN_DIRECT_OBJC_ISA_USAGE = YES_ERROR;
				CLANG_WARN_DOCUMENTATION_COMMENTS = YES;
				CLANG_WARN_EMPTY_BODY = YES;
				CLANG_WARN_ENUM_CONVERSION = YES;
				CLANG_WARN_INFINITE_RECURSION = YES;
				CLANG_WARN_INT_CONVERSION = YES;
				CLANG_WARN_OBJC_ROOT_CLASS = YES_ERROR;
				CLANG_WARN_SUSPICIOUS_MOVES = YES;
				CLANG_WARN_UNREACHABLE_CODE = YES;
				CLANG_WARN__DUPLICATE_METHOD_MATCH = YES;
				"CODE_SIGN_IDENTITY[sdk=iphoneos*]" = "iPhone Developer";
				COPY_PHASE_STRIP = NO;
				DEBUG_INFORMATION_FORMAT = dwarf;
				ENABLE_STRICT_OBJC_MSGSEND = YES;
				ENABLE_TESTABILITY = YES;
				GCC_C_LANGUAGE_STANDARD = gnu99;
				GCC_DYNAMIC_NO_PIC = NO;
				GCC_NO_COMMON_BLOCKS = YES;
				GCC_OPTIMIZATION_LEVEL = 0;
				GCC_PREPROCESSOR_DEFINITIONS = (
					"DEBUG=1",
					"$(inherited)",
				);
				GCC_WARN_64_TO_32_BIT_CONVERSION = YES;
				GCC_WARN_ABOUT_RETURN_TYPE = YES_ERROR;
				GCC_WARN_UNDECLARED_SELECTOR = YES;
				GCC_WARN_UNINITIALIZED_AUTOS = YES_AGGRESSIVE;
				GCC_WARN_UNUSED_FUNCTION = YES;
				GCC_WARN_UNUSED_VARIABLE = YES;
				IPHONEOS_DEPLOYMENT_TARGET = 10.0;
				MTL_ENABLE_DEBUG_INFO = YES;
				ONLY_ACTIVE_ARCH = YES;
				SDKROOT = iphoneos;
				SWIFT_ACTIVE_COMPILATION_CONDITIONS = DEBUG;
				SWIFT_OPTIMIZATION_LEVEL = "-Onone";
			};
			name = Debug;
		};
		A820FDD71E3F4F400095D495 /* Release */ = {
			isa = XCBuildConfiguration;
			buildSettings = {
				ALWAYS_SEARCH_USER_PATHS = NO;
				CLANG_ANALYZER_NONNULL = YES;
				CLANG_CXX_LANGUAGE_STANDARD = "gnu++0x";
				CLANG_CXX_LIBRARY = "libc++";
				CLANG_ENABLE_MODULES = YES;
				CLANG_ENABLE_OBJC_ARC = YES;
				CLANG_WARN_BOOL_CONVERSION = YES;
				CLANG_WARN_CONSTANT_CONVERSION = YES;
				CLANG_WARN_DIRECT_OBJC_ISA_USAGE = YES_ERROR;
				CLANG_WARN_DOCUMENTATION_COMMENTS = YES;
				CLANG_WARN_EMPTY_BODY = YES;
				CLANG_WARN_ENUM_CONVERSION = YES;
				CLANG_WARN_INFINITE_RECURSION = YES;
				CLANG_WARN_INT_CONVERSION = YES;
				CLANG_WARN_OBJC_ROOT_CLASS = YES_ERROR;
				CLANG_WARN_SUSPICIOUS_MOVES = YES;
				CLANG_WARN_UNREACHABLE_CODE = YES;
				CLANG_WARN__DUPLICATE_METHOD_MATCH = YES;
				"CODE_SIGN_IDENTITY[sdk=iphoneos*]" = "iPhone Developer";
				COPY_PHASE_STRIP = NO;
				DEBUG_INFORMATION_FORMAT = "dwarf-with-dsym";
				ENABLE_NS_ASSERTIONS = NO;
				ENABLE_STRICT_OBJC_MSGSEND = YES;
				GCC_C_LANGUAGE_STANDARD = gnu99;
				GCC_NO_COMMON_BLOCKS = YES;
				GCC_WARN_64_TO_32_BIT_CONVERSION = YES;
				GCC_WARN_ABOUT_RETURN_TYPE = YES_ERROR;
				GCC_WARN_UNDECLARED_SELECTOR = YES;
				GCC_WARN_UNINITIALIZED_AUTOS = YES_AGGRESSIVE;
				GCC_WARN_UNUSED_FUNCTION = YES;
				GCC_WARN_UNUSED_VARIABLE = YES;
				IPHONEOS_DEPLOYMENT_TARGET = 10.0;
				MTL_ENABLE_DEBUG_INFO = NO;
				SDKROOT = iphoneos;
				SWIFT_OPTIMIZATION_LEVEL = "-Owholemodule";
				VALIDATE_PRODUCT = YES;
			};
			name = Release;
		};
		A820FDD91E3F4F400095D495 /* Debug */ = {
			isa = XCBuildConfiguration;
			buildSettings = {
				ASSETCATALOG_COMPILER_APPICON_NAME = AppIcon;
				INFOPLIST_FILE = DreamLister/Info.plist;
				LD_RUNPATH_SEARCH_PATHS = "$(inherited) @executable_path/Frameworks";
				PRODUCT_BUNDLE_IDENTIFIER = com.liquid.dark.DreamLister;
				PRODUCT_NAME = "$(TARGET_NAME)";
				SWIFT_VERSION = 3.0;
			};
			name = Debug;
		};
		A820FDDA1E3F4F400095D495 /* Release */ = {
			isa = XCBuildConfiguration;
			buildSettings = {
				ASSETCATALOG_COMPILER_APPICON_NAME = AppIcon;
				INFOPLIST_FILE = DreamLister/Info.plist;
				LD_RUNPATH_SEARCH_PATHS = "$(inherited) @executable_path/Frameworks";
				PRODUCT_BUNDLE_IDENTIFIER = com.liquid.dark.DreamLister;
				PRODUCT_NAME = "$(TARGET_NAME)";
				SWIFT_VERSION = 3.0;
			};
			name = Release;
		};
/* End XCBuildConfiguration section */

/* Begin XCConfigurationList section */
		A820FDBE1E3F4F400095D495 /* Build configuration list for PBXProject "DreamLister" */ = {
			isa = XCConfigurationList;
			buildConfigurations = (
				A820FDD61E3F4F400095D495 /* Debug */,
				A820FDD71E3F4F400095D495 /* Release */,
			);
			defaultConfigurationIsVisible = 0;
			defaultConfigurationName = Release;
		};
		A820FDD81E3F4F400095D495 /* Build configuration list for PBXNativeTarget "DreamLister" */ = {
			isa = XCConfigurationList;
			buildConfigurations = (
				A820FDD91E3F4F400095D495 /* Debug */,
				A820FDDA1E3F4F400095D495 /* Release */,
			);
			defaultConfigurationIsVisible = 0;
		};
/* End XCConfigurationList section */

/* Begin XCVersionGroup section */
		A820FDCD1E3F4F400095D495 /* DreamLister.xcdatamodeld */ = {
			isa = XCVersionGroup;
			children = (
				A820FDCE1E3F4F400095D495 /* DreamLister.xcdatamodel */,
			);
			currentVersion = A820FDCE1E3F4F400095D495 /* DreamLister.xcdatamodel */;
			path = DreamLister.xcdatamodeld;
			sourceTree = "<group>";
			versionGroupType = wrapper.xcdatamodel;
		};
/* End XCVersionGroup section */
	};
	rootObject = A820FDBB1E3F4F400095D495 /* Project object */;
}
